
Microsoft Visual Studio Solution File, Format Version 12.00
# Visual Studio Version 16
VisualStudioVersion = 16.0.32510.428
MinimumVisualStudioVersion = 10.0.40219.1
Project("{FAE04EC0-301F-11D3-BF4B-00C04F79EFBC}") = "websitebanhang", "websitebanhang\websitebanhang.csproj", "{BC5DF5B9-33A4-43E3-B454-F4A57649EE8F}"
EndProject
Global
	GlobalSection(SolutionConfigurationPlatforms) = preSolution
		Debug|Any CPU = Debug|Any CPU
		Release|Any CPU = Release|Any CPU
	EndGlobalSection
	GlobalSection(ProjectConfigurationPlatforms) = postSolution
		{BC5DF5B9-33A4-43E3-B454-F4A57649EE8F}.Debug|Any CPU.ActiveCfg = Debug|Any CPU
		{BC5DF5B9-33A4-43E3-B454-F4A57649EE8F}.Debug|Any CPU.Build.0 = Debug|Any CPU
		{BC5DF5B9-33A4-43E3-B454-F4A57649EE8F}.Release|Any CPU.ActiveCfg = Release|Any CPU
		{BC5DF5B9-33A4-43E3-B454-F4A57649EE8F}.Release|Any CPU.Build.0 = Release|Any CPU
	EndGlobalSection
	GlobalSection(SolutionProperties) = preSolution
		HideSolutionNode = FALSE
	EndGlobalSection
	GlobalSection(ExtensibilityGlobals) = postSolution
		SolutionGuid = {C5381996-B354-4AFF-B4B3-F4E653C955CA}
	EndGlobalSection
EndGlobal
